
Microsoft Visual Studio Solution File, Format Version 12.00
# Visual Studio 15
VisualStudioVersion = 15.0.27004.2009
MinimumVisualStudioVersion = 10.0.40219.1
Project("{FAE04EC0-301F-11D3-BF4B-00C04F79EFBC}") = "Lateetud.Utilities", "Lateetud.Utilities\Lateetud.Utilities.csproj", "{70F453E3-650F-45AB-BDBF-6508E920EF74}"
EndProject
Global
	GlobalSection(SolutionConfigurationPlatforms) = preSolution
		Debug|Any CPU = Debug|Any CPU
		Release|Any CPU = Release|Any CPU
	EndGlobalSection
	GlobalSection(ProjectConfigurationPlatforms) = postSolution
		{70F453E3-650F-45AB-BDBF-6508E920EF74}.Debug|Any CPU.ActiveCfg = Debug|Any CPU
		{70F453E3-650F-45AB-BDBF-6508E920EF74}.Debug|Any CPU.Build.0 = Debug|Any CPU
		{70F453E3-650F-45AB-BDBF-6508E920EF74}.Release|Any CPU.ActiveCfg = Release|Any CPU
		{70F453E3-650F-45AB-BDBF-6508E920EF74}.Release|Any CPU.Build.0 = Release|Any CPU
	EndGlobalSection
	GlobalSection(SolutionProperties) = preSolution
		HideSolutionNode = FALSE
	EndGlobalSection
	GlobalSection(ExtensibilityGlobals) = postSolution
		SolutionGuid = {AF1ED57E-ED1B-4586-969D-DB8A4EA1CC33}
	EndGlobalSection
EndGlobal
